
Microsoft Visual Studio Solution File, Format Version 12.00
# Visual Studio 15
VisualStudioVersion = 15.0.26730.16
MinimumVisualStudioVersion = 10.0.40219.1
Project("{FAE04EC0-301F-11D3-BF4B-00C04F79EFBC}") = "Racon", "Federation\Racon.csproj", "{C9B50F36-C483-4EA2-8A36-D2B0787AFF21}"
	ProjectSection(ProjectDependencies) = postProject
		{BF7E0C2F-FB62-491B-AB11-77B9041F29E4} = {BF7E0C2F-FB62-491B-AB11-77B9041F29E4}
	EndProjectSection
EndProject
Project("{2150E333-8FDC-42A3-9474-1A3956D46DE8}") = "License", "License", "{D36452E7-633F-4CF6-9D81-F196ED04B1E1}"
	ProjectSection(SolutionItems) = preProject
		Copyright.txt = Copyright.txt
		LICENSE.lesser.txt = LICENSE.lesser.txt
		LICENSE.txt = LICENSE.txt
	EndProjectSection
EndProject
Project("{FAE04EC0-301F-11D3-BF4B-00C04F79EFBC}") = "Racon.RtiLayer", "RtiLayerGeneric\Racon.RtiLayer.csproj", "{BF7B1E1D-55EB-4581-8009-5E2757F9C8C6}"
EndProject
Project("{8BC9CEB8-8B4A-11D0-8D11-00A0C91BC942}") = "Racon.RtiLayer.Native", "RTILayerNative\RTILayer.vcxproj", "{BF7E0C2F-FB62-491B-AB11-77B9041F29E4}"
EndProject
Global
	GlobalSection(SolutionConfigurationPlatforms) = preSolution
		Debug|Any CPU = Debug|Any CPU
		Debug|ARM = Debug|ARM
		Debug|Mixed Platforms = Debug|Mixed Platforms
		Debug|Win32 = Debug|Win32
		Debug|x64 = Debug|x64
		Debug|x86 = Debug|x86
		Release|Any CPU = Release|Any CPU
		Release|ARM = Release|ARM
		Release|Mixed Platforms = Release|Mixed Platforms
		Release|Win32 = Release|Win32
		Release|x64 = Release|x64
		Release|x86 = Release|x86
	EndGlobalSection
	GlobalSection(ProjectConfigurationPlatforms) = postSolution
		{C9B50F36-C483-4EA2-8A36-D2B0787AFF21}.Debug|Any CPU.ActiveCfg = Debug|Any CPU
		{C9B50F36-C483-4EA2-8A36-D2B0787AFF21}.Debug|Any CPU.Build.0 = Debug|Any CPU
		{C9B50F36-C483-4EA2-8A36-D2B0787AFF21}.Debug|ARM.ActiveCfg = Debug|Any CPU
		{C9B50F36-C483-4EA2-8A36-D2B0787AFF21}.Debug|Mixed Platforms.ActiveCfg = Debug|Any CPU
		{C9B50F36-C483-4EA2-8A36-D2B0787AFF21}.Debug|Mixed Platforms.Build.0 = Debug|Any CPU
		{C9B50F36-C483-4EA2-8A36-D2B0787AFF21}.Debug|Win32.ActiveCfg = Debug|Any CPU
		{C9B50F36-C483-4EA2-8A36-D2B0787AFF21}.Debug|x64.ActiveCfg = Debug|Any CPU
		{C9B50F36-C483-4EA2-8A36-D2B0787AFF21}.Debug|x86.ActiveCfg = Debug|x86
		{C9B50F36-C483-4EA2-8A36-D2B0787AFF21}.Debug|x86.Build.0 = Debug|x86
		{C9B50F36-C483-4EA2-8A36-D2B0787AFF21}.Release|Any CPU.ActiveCfg = Release|Any CPU
		{C9B50F36-C483-4EA2-8A36-D2B0787AFF21}.Release|Any CPU.Build.0 = Release|Any CPU
		{C9B50F36-C483-4EA2-8A36-D2B0787AFF21}.Release|ARM.ActiveCfg = Release|Any CPU
		{C9B50F36-C483-4EA2-8A36-D2B0787AFF21}.Release|Mixed Platforms.ActiveCfg = Release|Any CPU
		{C9B50F36-C483-4EA2-8A36-D2B0787AFF21}.Release|Mixed Platforms.Build.0 = Release|Any CPU
		{C9B50F36-C483-4EA2-8A36-D2B0787AFF21}.Release|Win32.ActiveCfg = Release|x86
		{C9B50F36-C483-4EA2-8A36-D2B0787AFF21}.Release|x64.ActiveCfg = Release|x64
		{C9B50F36-C483-4EA2-8A36-D2B0787AFF21}.Release|x64.Build.0 = Release|x64
		{C9B50F36-C483-4EA2-8A36-D2B0787AFF21}.Release|x86.ActiveCfg = Release|x86
		{C9B50F36-C483-4EA2-8A36-D2B0787AFF21}.Release|x86.Build.0 = Release|x86
		{BF7B1E1D-55EB-4581-8009-5E2757F9C8C6}.Debug|Any CPU.ActiveCfg = Debug|Any CPU
		{BF7B1E1D-55EB-4581-8009-5E2757F9C8C6}.Debug|Any CPU.Build.0 = Debug|Any CPU
		{BF7B1E1D-55EB-4581-8009-5E2757F9C8C6}.Debug|ARM.ActiveCfg = Debug|Any CPU
		{BF7B1E1D-55EB-4581-8009-5E2757F9C8C6}.Debug|ARM.Build.0 = Debug|Any CPU
		{BF7B1E1D-55EB-4581-8009-5E2757F9C8C6}.Debug|Mixed Platforms.ActiveCfg = Debug|Any CPU
		{BF7B1E1D-55EB-4581-8009-5E2757F9C8C6}.Debug|Mixed Platforms.Build.0 = Debug|Any CPU
		{BF7B1E1D-55EB-4581-8009-5E2757F9C8C6}.Debug|Win32.ActiveCfg = Debug|Any CPU
		{BF7B1E1D-55EB-4581-8009-5E2757F9C8C6}.Debug|Win32.Build.0 = Debug|Any CPU
		{BF7B1E1D-55EB-4581-8009-5E2757F9C8C6}.Debug|x64.ActiveCfg = Debug|Any CPU
		{BF7B1E1D-55EB-4581-8009-5E2757F9C8C6}.Debug|x64.Build.0 = Debug|Any CPU
		{BF7B1E1D-55EB-4581-8009-5E2757F9C8C6}.Debug|x86.ActiveCfg = Debug|Any CPU
		{BF7B1E1D-55EB-4581-8009-5E2757F9C8C6}.Debug|x86.Build.0 = Debug|Any CPU
		{BF7B1E1D-55EB-4581-8009-5E2757F9C8C6}.Release|Any CPU.ActiveCfg = Release|Any CPU
		{BF7B1E1D-55EB-4581-8009-5E2757F9C8C6}.Release|Any CPU.Build.0 = Release|Any CPU
		{BF7B1E1D-55EB-4581-8009-5E2757F9C8C6}.Release|ARM.ActiveCfg = Release|Any CPU
		{BF7B1E1D-55EB-4581-8009-5E2757F9C8C6}.Release|ARM.Build.0 = Release|Any CPU
		{BF7B1E1D-55EB-4581-8009-5E2757F9C8C6}.Release|Mixed Platforms.ActiveCfg = Release|Any CPU
		{BF7B1E1D-55EB-4581-8009-5E2757F9C8C6}.Release|Mixed Platforms.Build.0 = Release|Any CPU
		{BF7B1E1D-55EB-4581-8009-5E2757F9C8C6}.Release|Win32.ActiveCfg = Release|Any CPU
		{BF7B1E1D-55EB-4581-8009-5E2757F9C8C6}.Release|Win32.Build.0 = Release|Any CPU
		{BF7B1E1D-55EB-4581-8009-5E2757F9C8C6}.Release|x64.ActiveCfg = Release|x64
		{BF7B1E1D-55EB-4581-8009-5E2757F9C8C6}.Release|x64.Build.0 = Release|x64
		{BF7B1E1D-55EB-4581-8009-5E2757F9C8C6}.Release|x86.ActiveCfg = Release|Any CPU
		{BF7B1E1D-55EB-4581-8009-5E2757F9C8C6}.Release|x86.Build.0 = Release|Any CPU
		{BF7E0C2F-FB62-491B-AB11-77B9041F29E4}.Debug|Any CPU.ActiveCfg = Debug|Win32
		{BF7E0C2F-FB62-491B-AB11-77B9041F29E4}.Debug|ARM.ActiveCfg = Debug|Win32
		{BF7E0C2F-FB62-491B-AB11-77B9041F29E4}.Debug|Mixed Platforms.ActiveCfg = Debug|Win32
		{BF7E0C2F-FB62-491B-AB11-77B9041F29E4}.Debug|Mixed Platforms.Build.0 = Debug|Win32
		{BF7E0C2F-FB62-491B-AB11-77B9041F29E4}.Debug|Win32.ActiveCfg = Debug|Win32
		{BF7E0C2F-FB62-491B-AB11-77B9041F29E4}.Debug|Win32.Build.0 = Debug|Win32
		{BF7E0C2F-FB62-491B-AB11-77B9041F29E4}.Debug|x64.ActiveCfg = Debug|Win32
		{BF7E0C2F-FB62-491B-AB11-77B9041F29E4}.Debug|x86.ActiveCfg = Debug|Win32
		{BF7E0C2F-FB62-491B-AB11-77B9041F29E4}.Debug|x86.Build.0 = Debug|Win32
		{BF7E0C2F-FB62-491B-AB11-77B9041F29E4}.Release|Any CPU.ActiveCfg = Release|Win32
		{BF7E0C2F-FB62-491B-AB11-77B9041F29E4}.Release|Any CPU.Build.0 = Release|Win32
		{BF7E0C2F-FB62-491B-AB11-77B9041F29E4}.Release|ARM.ActiveCfg = Release|Win32
		{BF7E0C2F-FB62-491B-AB11-77B9041F29E4}.Release|Mixed Platforms.ActiveCfg = Release|Win32
		{BF7E0C2F-FB62-491B-AB11-77B9041F29E4}.Release|Mixed Platforms.Build.0 = Release|Win32
		{BF7E0C2F-FB62-491B-AB11-77B9041F29E4}.Release|Win32.ActiveCfg = Release|Win32
		{BF7E0C2F-FB62-491B-AB11-77B9041F29E4}.Release|Win32.Build.0 = Release|Win32
		{BF7E0C2F-FB62-491B-AB11-77B9041F29E4}.Release|x64.ActiveCfg = Release|x64
		{BF7E0C2F-FB62-491B-AB11-77B9041F29E4}.Release|x64.Build.0 = Release|x64
		{BF7E0C2F-FB62-491B-AB11-77B9041F29E4}.Release|x86.ActiveCfg = Release|Win32
		{BF7E0C2F-FB62-491B-AB11-77B9041F29E4}.Release|x86.Build.0 = Release|Win32
	EndGlobalSection
	GlobalSection(SolutionProperties) = preSolution
		HideSolutionNode = FALSE
	EndGlobalSection
	GlobalSection(ExtensibilityGlobals) = postSolution
		SolutionGuid = {3A6F7A2B-B42F-44C4-A50D-ACFD0018335D}
	EndGlobalSection
EndGlobal
